
Microsoft Visual Studio Solution File, Format Version 12.00
# Visual Studio Version 16
VisualStudioVersion = 16.0.29613.14
MinimumVisualStudioVersion = 10.0.40219.1
Project("{FAE04EC0-301F-11D3-BF4B-00C04F79EFBC}") = "Marburgh", "Marburgh\Marburgh.csproj", "{82E4EDBD-CA75-4C6B-92FD-50F641E81881}"
EndProject
Global
	GlobalSection(SolutionConfigurationPlatforms) = preSolution
		Debug|Any CPU = Debug|Any CPU
		Release|Any CPU = Release|Any CPU
	EndGlobalSection
	GlobalSection(ProjectConfigurationPlatforms) = postSolution
		{82E4EDBD-CA75-4C6B-92FD-50F641E81881}.Debug|Any CPU.ActiveCfg = Debug|Any CPU
		{82E4EDBD-CA75-4C6B-92FD-50F641E81881}.Debug|Any CPU.Build.0 = Debug|Any CPU
		{82E4EDBD-CA75-4C6B-92FD-50F641E81881}.Release|Any CPU.ActiveCfg = Release|Any CPU
		{82E4EDBD-CA75-4C6B-92FD-50F641E81881}.Release|Any CPU.Build.0 = Release|Any CPU
	EndGlobalSection
	GlobalSection(SolutionProperties) = preSolution
		HideSolutionNode = FALSE
	EndGlobalSection
	GlobalSection(ExtensibilityGlobals) = postSolution
		SolutionGuid = {EE6947FD-5F3F-4696-9793-633A1E726618}
	EndGlobalSection
EndGlobal
